// !$*UTF8*$!
{
	archiveVersion = 1;
	classes = {
	};
	objectVersion = 46;
	objects = {

/* Begin PBXBuildFile section */
		044BAEB11A08BD4E00F48B2A /* main.c in Sources */ = {isa = PBXBuildFile; fileRef = 044BAEB01A08BD4E00F48B2A /* main.c */; };
/* End PBXBuildFile section */

/* Begin PBXCopyFilesBuildPhase section */
		044BAEAB1A08BD4E00F48B2A /* CopyFiles */ = {
			isa = PBXCopyFilesBuildPhase;
			buildActionMask = 2147483647;
			dstPath = /usr/share/man/man1/;
			dstSubfolderSpec = 0;
			files = (
			);
			runOnlyForDeploymentPostprocessing = 1;
		};
/* End PBXCopyFilesBuildPhase section */

/* Begin PBXFileReference section */
		044BAEAD1A08BD4E00F48B2A /* ListTest */ = {isa = PBXFileReference; explicitFileType = "compiled.mach-o.executable"; includeInIndex = 0; path = ListTest; sourceTree = BUILT_PRODUCTS_DIR; };
		044BAEB01A08BD4E00F48B2A /* main.c */ = {isa = PBXFileReference; lastKnownFileType = sourcecode.c.c; path = main.c; sourceTree = "<group>"; };
/* End PBXFileReference section */

/* Begin PBXFrameworksBuildPhase section */
		044BAEAA1A08BD4E00F48B2A /* Frameworks */ = {
			isa = PBXFrameworksBuildPhase;
			buildActionMask = 2147483647;
			files = (
			);
			runOnlyForDeploymentPostprocessing = 0;
		};
/* End PBXFrameworksBuildPhase section */

/* Begin PBXGroup section */
		044BAEA41A08BD4E00F48B2A = {
			isa = PBXGroup;
			children = (
				044BAEAF1A08BD4E00F48B2A /* ListTest */,
				044BAEAE1A08BD4E00F48B2A /* Products */,
			);
			sourceTree = "<group>";
		};
		044BAEAE1A08BD4E00F48B2A /* Products */ = {
			isa = PBXGroup;
			children = (
				044BAEAD1A08BD4E00F48B2A /* ListTest */,
			);
			name = Products;
			sourceTree = "<group>";
		};
		044BAEAF1A08BD4E00F48B2A /* ListTest */ = {
			isa = PBXGroup;
			children = (
				044BAEB01A08BD4E00F48B2A /* main.c */,
			);
			path = ListTest;
			sourceTree = "<group>";
		};
/* End PBXGroup section */

/* Begin PBXNativeTarget section */
		044BAEAC1A08BD4E00F48B2A /* ListTest */ = {
			isa = PBXNativeTarget;
			buildConfigurationList = 044BAEB41A08BD4E00F48B2A /* Build configuration list for PBXNativeTarget "ListTest" */;
			buildPhases = (
				044BAEA91A08BD4E00F48B2A /* Sources */,
				044BAEAA1A08BD4E00F48B2A /* Frameworks */,
				044BAEAB1A08BD4E00F48B2A /* CopyFiles */,
			);
			buildRules = (
			);
			dependencies = (
			);
			name = ListTest;
			productName = ListTest;
			productReference = 044BAEAD1A08BD4E00F48B2A /* ListTest */;
			productType = "com.apple.product-type.tool";
		};
/* End PBXNativeTarget section */

/* Begin PBXProject section */
		044BAEA51A08BD4E00F48B2A /* Project object */ = {
			isa = PBXProject;
			attributes = {
				LastUpgradeCheck = 0610;
				ORGANIZATIONNAME = ScorpioNeal;
				TargetAttributes = {
					044BAEAC1A08BD4E00F48B2A = {
						CreatedOnToolsVersion = 6.1;
					};
				};
			};
			buildConfigurationList = 044BAEA81A08BD4E00F48B2A /* Build configuration list for PBXProject "ListTest" */;
			compatibilityVersion = "Xcode 3.2";
			developmentRegion = English;
			hasScannedForEncodings = 0;
			knownRegions = (
				en,
			);
			mainGroup = 044BAEA41A08BD4E00F48B2A;
			productRefGroup = 044BAEAE1A08BD4E00F48B2A /* Products */;
			projectDirPath = "";
			projectRoot = "";
			targets = (
				044BAEAC1A08BD4E00F48B2A /* ListTest */,
			);
		};
/* End PBXProject section */

/* Begin PBXSourcesBuildPhase section */
		044BAEA91A08BD4E00F48B2A /* Sources */ = {
			isa = PBXSourcesBuildPhase;
			buildActionMask = 2147483647;
			files = (
				044BAEB11A08BD4E00F48B2A /* main.c in Sources */,
			);
			runOnlyForDeploymentPostprocessing = 0;
		};
/* End PBXSourcesBuildPhase section */

/* Begin XCBuildConfiguration section */
		044BAEB21A08BD4E00F48B2A /* Debug */ = {
			isa = XCBuildConfiguration;
			buildSettings = {
				ALWAYS_SEARCH_USER_PATHS = NO;
				CLANG_CXX_LANGUAGE_STANDARD = "gnu++0x";
				CLANG_CXX_LIBRARY = "libc++";
				CLANG_ENABLE_MODULES = YES;
				CLANG_ENABLE_OBJC_ARC = YES;
				CLANG_WARN_BOOL_CONVERSION = YES;
				CLANG_WARN_CONSTANT_CONVERSION = YES;
				CLANG_WARN_DIRECT_OBJC_ISA_USAGE = YES_ERROR;
				CLANG_WARN_EMPTY_BODY = YES;
				CLANG_WARN_ENUM_CONVERSION = YES;
				CLANG_WARN_INT_CONVERSION = YES;
				CLANG_WARN_OBJC_ROOT_CLASS = YES_ERROR;
				CLANG_WARN_UNREACHABLE_CODE = YES;
				CLANG_WARN__DUPLICATE_METHOD_MATCH = YES;
				COPY_PHASE_STRIP = NO;
				ENABLE_STRICT_OBJC_MSGSEND = YES;
				GCC_C_LANGUAGE_STANDARD = gnu99;
				GCC_DYNAMIC_NO_PIC = NO;
				GCC_OPTIMIZATION_LEVEL = 0;
				GCC_PREPROCESSOR_DEFINITIONS = (
					"DEBUG=1",
					"$(inherited)",
				);
				GCC_SYMBOLS_PRIVATE_EXTERN = NO;
				GCC_WARN_64_TO_32_BIT_CONVERSION = YES;
				GCC_WARN_ABOUT_RETURN_TYPE = YES_ERROR;
				GCC_WARN_UNDECLARED_SELECTOR = YES;
				GCC_WARN_UNINITIALIZED_AUTOS = YES_AGGRESSIVE;
				GCC_WARN_UNUSED_FUNCTION = YES;
				GCC_WARN_UNUSED_VARIABLE = YES;
				MACOSX_DEPLOYMENT_TARGET = 10.10;
				MTL_ENABLE_DEBUG_INFO = YES;
				ONLY_ACTIVE_ARCH = YES;
				SDKROOT = macosx;
			};
			name = Debug;
		};
		044BAEB31A08BD4E00F48B2A /* Release */ = {
			isa = XCBuildConfiguration;
			buildSettings = {
				ALWAYS_SEARCH_USER_PATHS = NO;
				CLANG_CXX_LANGUAGE_STANDARD = "gnu++0x";
				CLANG_CXX_LIBRARY = "libc++";
				CLANG_ENABLE_MODULES = YES;
				CLANG_ENABLE_OBJC_ARC = YES;
				CLANG_WARN_BOOL_CONVERSION = YES;
				CLANG_WARN_CONSTANT_CONVERSION = YES;
				CLANG_WARN_DIRECT_OBJC_ISA_USAGE = YES_ERROR;
				CLANG_WARN_EMPTY_BODY = YES;
				CLANG_WARN_ENUM_CONVERSION = YES;
				CLANG_WARN_INT_CONVERSION = YES;
				CLANG_WARN_OBJC_ROOT_CLASS = YES_ERROR;
				CLANG_WARN_UNREACHABLE_CODE = YES;
				CLANG_WARN__DUPLICATE_METHOD_MATCH = YES;
				COPY_PHASE_STRIP = YES;
				DEBUG_INFORMATION_FORMAT = "dwarf-with-dsym";
				ENABLE_NS_ASSERTIONS = NO;
				ENABLE_STRICT_OBJC_MSGSEND = YES;
				GCC_C_LANGUAGE_STANDARD = gnu99;
				GCC_WARN_64_TO_32_BIT_CONVERSION = YES;
				GCC_WARN_ABOUT_RETURN_TYPE = YES_ERROR;
				GCC_WARN_UNDECLARED_SELECTOR = YES;
				GCC_WARN_UNINITIALIZED_AUTOS = YES_AGGRESSIVE;
				GCC_WARN_UNUSED_FUNCTION = YES;
				GCC_WARN_UNUSED_VARIABLE = YES;
				MACOSX_DEPLOYMENT_TARGET = 10.10;
				MTL_ENABLE_DEBUG_INFO = NO;
				SDKROOT = macosx;
			};
			name = Release;
		};
		044BAEB51A08BD4E00F48B2A /* Debug */ = {
			isa = XCBuildConfiguration;
			buildSettings = {
				PRODUCT_NAME = "$(TARGET_NAME)";
			};
			name = Debug;
		};
		044BAEB61A08BD4E00F48B2A /* Release */ = {
			isa = XCBuildConfiguration;
			buildSettings = {
				PRODUCT_NAME = "$(TARGET_NAME)";
			};
			name = Release;
		};
/* End XCBuildConfiguration section */

/* Begin XCConfigurationList section */
		044BAEA81A08BD4E00F48B2A /* Build configuration list for PBXProject "ListTest" */ = {
			isa = XCConfigurationList;
			buildConfigurations = (
				044BAEB21A08BD4E00F48B2A /* Debug */,
				044BAEB31A08BD4E00F48B2A /* Release */,
			);
			defaultConfigurationIsVisible = 0;
			defaultConfigurationName = Release;
		};
		044BAEB41A08BD4E00F48B2A /* Build configuration list for PBXNativeTarget "ListTest" */ = {
			isa = XCConfigurationList;
			buildConfigurations = (
				044BAEB51A08BD4E00F48B2A /* Debug */,
				044BAEB61A08BD4E00F48B2A /* Release */,
			);
			defaultConfigurationIsVisible = 0;
		};
/* End XCConfigurationList section */
	};
	rootObject = 044BAEA51A08BD4E00F48B2A /* Project object */;
}
